
Microsoft Visual Studio Solution File, Format Version 11.00
# Visual Studio 2010
Project("{FAE04EC0-301F-11D3-BF4B-00C04F79EFBC}") = "SuperTank", "SuperTank\SuperTank\SuperTank.csproj", "{D031CD01-EA39-429C-9409-90F88E47F282}"
EndProject
Project("{96E2B04D-8817-42C6-938A-82C39BA4D311}") = "SuperTankContent", "SuperTank\SuperTankContent\SuperTankContent.contentproj", "{C36701C8-C2C5-419F-B55B-077567385C7C}"
EndProject
Global
	GlobalSection(SolutionConfigurationPlatforms) = preSolution
		Debug|x86 = Debug|x86
		Release|x86 = Release|x86
	EndGlobalSection
	GlobalSection(ProjectConfigurationPlatforms) = postSolution
		{D031CD01-EA39-429C-9409-90F88E47F282}.Debug|x86.ActiveCfg = Debug|x86
		{D031CD01-EA39-429C-9409-90F88E47F282}.Debug|x86.Build.0 = Debug|x86
		{D031CD01-EA39-429C-9409-90F88E47F282}.Release|x86.ActiveCfg = Release|x86
		{D031CD01-EA39-429C-9409-90F88E47F282}.Release|x86.Build.0 = Release|x86
		{C36701C8-C2C5-419F-B55B-077567385C7C}.Debug|x86.ActiveCfg = Debug|x86
		{C36701C8-C2C5-419F-B55B-077567385C7C}.Release|x86.ActiveCfg = Release|x86
	EndGlobalSection
	GlobalSection(SolutionProperties) = preSolution
		HideSolutionNode = FALSE
	EndGlobalSection
EndGlobal
